
Microsoft Visual Studio Solution File, Format Version 12.00
# Visual Studio Version 17
VisualStudioVersion = 17.5.001.0
MinimumVisualStudioVersion = 10.0.40219.1
Project("{9A19103F-16F7-4668-BE54-9A1E7A4F7556}") = "MultipleRssReader", "MultipleRssReader.csproj", "{A34C94BD-2275-4211-AC9D-0B4AD07E5300}"
EndProject
Global
	GlobalSection(SolutionConfigurationPlatforms) = preSolution
		Debug|Any CPU = Debug|Any CPU
		Release|Any CPU = Release|Any CPU
	EndGlobalSection
	GlobalSection(ProjectConfigurationPlatforms) = postSolution
		{A34C94BD-2275-4211-AC9D-0B4AD07E5300}.Debug|Any CPU.ActiveCfg = Debug|Any CPU
		{A34C94BD-2275-4211-AC9D-0B4AD07E5300}.Debug|Any CPU.Build.0 = Debug|Any CPU
		{A34C94BD-2275-4211-AC9D-0B4AD07E5300}.Release|Any CPU.ActiveCfg = Release|Any CPU
		{A34C94BD-2275-4211-AC9D-0B4AD07E5300}.Release|Any CPU.Build.0 = Release|Any CPU
	EndGlobalSection
	GlobalSection(SolutionProperties) = preSolution
		HideSolutionNode = FALSE
	EndGlobalSection
	GlobalSection(ExtensibilityGlobals) = postSolution
		SolutionGuid = {DC021780-5052-4F0A-BE32-BCB8551693C1}
	EndGlobalSection
EndGlobal
